{
  "originHash" : "6b887c98ae07bf2f0ed5fe4cae358ea7b18df766e5a3c41b8f75848ddace0295",
  "pins" : [
    {
      "identity" : "alamofire",
      "kind" : "remoteSourceControl",
      "location" : "https://github.com/Alamofire/Alamofire",
      "state" : {
        "revision" : "513364f870f6bfc468f9d2ff0a95caccc10044c5",
        "version" : "5.10.2"
      }
    },
    {
      "identity" : "factory",
      "kind" : "remoteSourceControl",
      "location" : "https://github.com/hmlongco/Factory",
      "state" : {
        "revision" : "ccc898f21992ebc130bc04cc197460a5ae230bcf",
        "version" : "2.5.3"
      }
    },
    {
      "identity" : "kingfisher",
      "kind" : "remoteSourceControl",
      "location" : "https://github.com/onevcat/Kingfisher",
      "state" : {
        "revision" : "2015fda791daa72c8058619545a593bf8c1dd59f",
        "version" : "8.5.0"
      }
    },
    {
      "identity" : "modularization-designsystem-package_dicoding-iosexpert",
      "kind" : "remoteSourceControl",
      "location" : "https://github.com/fauzandwip/Modularization-DesignSystem-Package_Dicoding-iOSExpert.git",
      "state" : {
        "revision" : "977dc115581439c6a031adc570fca437fda84784",
        "version" : "1.0.0"
      }
    }
  ],
  "version" : 3
}
