// !$*UTF8*$!
{
	archiveVersion = 1;
	classes = {
	};
	objectVersion = 77;
	objects = {

/* Begin PBXBuildFile section */
		7B0AE2C22F12FE1E00F28738 /* .swiftlint.yml in Resources */ = {isa = PBXBuildFile; fileRef = 7B0AE2C12F12FE1E00F28738 /* .swiftlint.yml */; };
		7B1498B82F2DC48B005BA63A /* DesignSystem in Frameworks */ = {isa = PBXBuildFile; productRef = 7B1498B72F2DC48B005BA63A /* DesignSystem */; };
		7B21B0862F1019E9003B22D6 /* FactoryKit in Frameworks */ = {isa = PBXBuildFile; productRef = 7B21B0852F1019E9003B22D6 /* FactoryKit */; };
		7B7275532E1EB88200B77D94 /* Alamofire in Frameworks */ = {isa = PBXBuildFile; productRef = 7B7275522E1EB88200B77D94 /* Alamofire */; };
		7B94500F2F2DCFC600405553 /* Profile in Frameworks */ = {isa = PBXBuildFile; productRef = 7B94500E2F2DCFC600405553 /* Profile */; };
		7B94502B2F2DCFE200405553 /* Profile in Frameworks */ = {isa = PBXBuildFile; productRef = 7B94502A2F2DCFE200405553 /* Profile */; };
		7BD15EA02E2CC29700E38ED3 /* Kingfisher in Frameworks */ = {isa = PBXBuildFile; productRef = 7BD15E9F2E2CC29700E38ED3 /* Kingfisher */; };
		7BDF4F772F2C173A003BF637 /* Favorite in Frameworks */ = {isa = PBXBuildFile; productRef = 7BDF4F762F2C173A003BF637 /* Favorite */; };
		7BDF50842F2C1B4C003BF637 /* Core in Frameworks */ = {isa = PBXBuildFile; productRef = 7BDF50832F2C1B4C003BF637 /* Core */; };
		7BF5F4B22F2C2BDA00CE205C /* Profile in Frameworks */ = {isa = PBXBuildFile; productRef = 7BF5F4B12F2C2BDA00CE205C /* Profile */; };
		7BF5F4B52F2C2BEA00CE205C /* Game in Frameworks */ = {isa = PBXBuildFile; productRef = 7BF5F4B42F2C2BEA00CE205C /* Game */; };
		7BF5F52B2F2C2D2100CE205C /* Profile in Frameworks */ = {isa = PBXBuildFile; productRef = 7BF5F52A2F2C2D2100CE205C /* Profile */; };
		7BF5F86A2F2D7B7500CE205C /* Profile in Frameworks */ = {isa = PBXBuildFile; productRef = 7BF5F8692F2D7B7500CE205C /* Profile */; };
/* End PBXBuildFile section */

/* Begin PBXContainerItemProxy section */
		7B0AE2ED2F13639400F28738 /* PBXContainerItemProxy */ = {
			isa = PBXContainerItemProxy;
			containerPortal = 7B7275322E1EB5E600B77D94 /* Project object */;
			proxyType = 1;
			remoteGlobalIDString = 7B7275392E1EB5E600B77D94;
			remoteInfo = GameDex;
		};
/* End PBXContainerItemProxy section */

/* Begin PBXCopyFilesBuildPhase section */
		7B7275592E1EBACF00B77D94 /* Embed Frameworks */ = {
			isa = PBXCopyFilesBuildPhase;
			buildActionMask = 2147483647;
			dstPath = "";
			dstSubfolderSpec = 10;
			files = (
			);
			name = "Embed Frameworks";
			runOnlyForDeploymentPostprocessing = 0;
		};
/* End PBXCopyFilesBuildPhase section */

/* Begin PBXFileReference section */
		7B0AE2C12F12FE1E00F28738 /* .swiftlint.yml */ = {isa = PBXFileReference; lastKnownFileType = text.yaml; path = .swiftlint.yml; sourceTree = "<group>"; };
		7B0AE2E92F13639400F28738 /* GameDexTests.xctest */ = {isa = PBXFileReference; explicitFileType = wrapper.cfbundle; includeInIndex = 0; path = GameDexTests.xctest; sourceTree = BUILT_PRODUCTS_DIR; };
		7B72753A2E1EB5E600B77D94 /* GameDex.app */ = {isa = PBXFileReference; explicitFileType = wrapper.application; includeInIndex = 0; path = GameDex.app; sourceTree = BUILT_PRODUCTS_DIR; };
/* End PBXFileReference section */

/* Begin PBXFileSystemSynchronizedRootGroup section */
		7B0AE2EA2F13639400F28738 /* GameDexTests */ = {
			isa = PBXFileSystemSynchronizedRootGroup;
			path = GameDexTests;
			sourceTree = "<group>";
		};
		7B72753C2E1EB5E600B77D94 /* GameDex */ = {
			isa = PBXFileSystemSynchronizedRootGroup;
			path = GameDex;
			sourceTree = "<group>";
		};
/* End PBXFileSystemSynchronizedRootGroup section */

/* Begin PBXFrameworksBuildPhase section */
		7B0AE2E62F13639400F28738 /* Frameworks */ = {
			isa = PBXFrameworksBuildPhase;
			buildActionMask = 2147483647;
			files = (
			);
			runOnlyForDeploymentPostprocessing = 0;
		};
		7B7275372E1EB5E600B77D94 /* Frameworks */ = {
			isa = PBXFrameworksBuildPhase;
			buildActionMask = 2147483647;
			files = (
				7B94502B2F2DCFE200405553 /* Profile in Frameworks */,
				7BF5F4B22F2C2BDA00CE205C /* Profile in Frameworks */,
				7B94500F2F2DCFC600405553 /* Profile in Frameworks */,
				7BDF4F772F2C173A003BF637 /* Favorite in Frameworks */,
				7B21B0862F1019E9003B22D6 /* FactoryKit in Frameworks */,
				7BF5F52B2F2C2D2100CE205C /* Profile in Frameworks */,
				7BD15EA02E2CC29700E38ED3 /* Kingfisher in Frameworks */,
				7B1498B82F2DC48B005BA63A /* DesignSystem in Frameworks */,
				7BDF50842F2C1B4C003BF637 /* Core in Frameworks */,
				7BF5F4B52F2C2BEA00CE205C /* Game in Frameworks */,
				7BF5F86A2F2D7B7500CE205C /* Profile in Frameworks */,
				7B7275532E1EB88200B77D94 /* Alamofire in Frameworks */,
			);
			runOnlyForDeploymentPostprocessing = 0;
		};
/* End PBXFrameworksBuildPhase section */

/* Begin PBXGroup section */
		7B7275312E1EB5E600B77D94 = {
			isa = PBXGroup;
			children = (
				7B72753C2E1EB5E600B77D94 /* GameDex */,
				7B0AE2EA2F13639400F28738 /* GameDexTests */,
				7B0AE2C12F12FE1E00F28738 /* .swiftlint.yml */,
				7BF5F8332F2D78D600CE205C /* Frameworks */,
				7B72753B2E1EB5E600B77D94 /* Products */,
			);
			sourceTree = "<group>";
		};
		7B72753B2E1EB5E600B77D94 /* Products */ = {
			isa = PBXGroup;
			children = (
				7B72753A2E1EB5E600B77D94 /* GameDex.app */,
				7B0AE2E92F13639400F28738 /* GameDexTests.xctest */,
			);
			name = Products;
			sourceTree = "<group>";
		};
		7BF5F8332F2D78D600CE205C /* Frameworks */ = {
			isa = PBXGroup;
			children = (
			);
			name = Frameworks;
			sourceTree = "<group>";
		};
/* End PBXGroup section */

/* Begin PBXNativeTarget section */
		7B0AE2E82F13639400F28738 /* GameDexTests */ = {
			isa = PBXNativeTarget;
			buildConfigurationList = 7B0AE2EF2F13639400F28738 /* Build configuration list for PBXNativeTarget "GameDexTests" */;
			buildPhases = (
				7B0AE2E52F13639400F28738 /* Sources */,
				7B0AE2E62F13639400F28738 /* Frameworks */,
				7B0AE2E72F13639400F28738 /* Resources */,
			);
			buildRules = (
			);
			dependencies = (
				7B0AE2EE2F13639400F28738 /* PBXTargetDependency */,
			);
			fileSystemSynchronizedGroups = (
				7B0AE2EA2F13639400F28738 /* GameDexTests */,
			);
			name = GameDexTests;
			packageProductDependencies = (
			);
			productName = GameDexTests;
			productReference = 7B0AE2E92F13639400F28738 /* GameDexTests.xctest */;
			productType = "com.apple.product-type.bundle.unit-test";
		};
		7B7275392E1EB5E600B77D94 /* GameDex */ = {
			isa = PBXNativeTarget;
			buildConfigurationList = 7B7275482E1EB5EA00B77D94 /* Build configuration list for PBXNativeTarget "GameDex" */;
			buildPhases = (
				7B7275362E1EB5E600B77D94 /* Sources */,
				7B7275372E1EB5E600B77D94 /* Frameworks */,
				7B7275382E1EB5E600B77D94 /* Resources */,
				7B7275592E1EBACF00B77D94 /* Embed Frameworks */,
				7B13BF742F100D7A0095C27F /* ShellScript */,
			);
			buildRules = (
			);
			dependencies = (
			);
			fileSystemSynchronizedGroups = (
				7B72753C2E1EB5E600B77D94 /* GameDex */,
			);
			name = GameDex;
			packageProductDependencies = (
				7B7275522E1EB88200B77D94 /* Alamofire */,
				7BD15E9F2E2CC29700E38ED3 /* Kingfisher */,
				7B21B0852F1019E9003B22D6 /* FactoryKit */,
				7BDF4F762F2C173A003BF637 /* Favorite */,
				7BDF50832F2C1B4C003BF637 /* Core */,
				7BF5F4B12F2C2BDA00CE205C /* Profile */,
				7BF5F4B42F2C2BEA00CE205C /* Game */,
				7BF5F52A2F2C2D2100CE205C /* Profile */,
				7BF5F8692F2D7B7500CE205C /* Profile */,
				7B1498B72F2DC48B005BA63A /* DesignSystem */,
				7B94500E2F2DCFC600405553 /* Profile */,
				7B94502A2F2DCFE200405553 /* Profile */,
			);
			productName = GameDex;
			productReference = 7B72753A2E1EB5E600B77D94 /* GameDex.app */;
			productType = "com.apple.product-type.application";
		};
/* End PBXNativeTarget section */

/* Begin PBXProject section */
		7B7275322E1EB5E600B77D94 /* Project object */ = {
			isa = PBXProject;
			attributes = {
				BuildIndependentTargetsInParallel = 1;
				LastSwiftUpdateCheck = 1600;
				LastUpgradeCheck = 1600;
				TargetAttributes = {
					7B0AE2E82F13639400F28738 = {
						CreatedOnToolsVersion = 16.0;
						TestTargetID = 7B7275392E1EB5E600B77D94;
					};
					7B7275392E1EB5E600B77D94 = {
						CreatedOnToolsVersion = 16.0;
					};
				};
			};
			buildConfigurationList = 7B7275352E1EB5E600B77D94 /* Build configuration list for PBXProject "GameDex" */;
			developmentRegion = en;
			hasScannedForEncodings = 0;
			knownRegions = (
				en,
				Base,
			);
			mainGroup = 7B7275312E1EB5E600B77D94;
			minimizedProjectReferenceProxies = 1;
			packageReferences = (
				7B7275512E1EB88200B77D94 /* XCRemoteSwiftPackageReference "Alamofire" */,
				7BD15E9E2E2CC29700E38ED3 /* XCRemoteSwiftPackageReference "Kingfisher" */,
				7B21B0842F1019E9003B22D6 /* XCRemoteSwiftPackageReference "Factory" */,
				7BDF4F752F2C173A003BF637 /* XCLocalSwiftPackageReference "../../ModulesGameDex/Favorite" */,
				7BDF50822F2C1B4C003BF637 /* XCLocalSwiftPackageReference "../../ModulesGameDex/Core" */,
				7BF5F4B32F2C2BEA00CE205C /* XCLocalSwiftPackageReference "../../ModulesGameDex/Game" */,
				7B1498B62F2DC48B005BA63A /* XCRemoteSwiftPackageReference "Modularization-DesignSystem-Package_Dicoding-iOSExpert" */,
				7B9450292F2DCFE200405553 /* XCLocalSwiftPackageReference "../../ModulesGameDex/Profile" */,
			);
			preferredProjectObjectVersion = 77;
			productRefGroup = 7B72753B2E1EB5E600B77D94 /* Products */;
			projectDirPath = "";
			projectRoot = "";
			targets = (
				7B7275392E1EB5E600B77D94 /* GameDex */,
				7B0AE2E82F13639400F28738 /* GameDexTests */,
			);
		};
/* End PBXProject section */

/* Begin PBXResourcesBuildPhase section */
		7B0AE2E72F13639400F28738 /* Resources */ = {
			isa = PBXResourcesBuildPhase;
			buildActionMask = 2147483647;
			files = (
			);
			runOnlyForDeploymentPostprocessing = 0;
		};
		7B7275382E1EB5E600B77D94 /* Resources */ = {
			isa = PBXResourcesBuildPhase;
			buildActionMask = 2147483647;
			files = (
				7B0AE2C22F12FE1E00F28738 /* .swiftlint.yml in Resources */,
			);
			runOnlyForDeploymentPostprocessing = 0;
		};
/* End PBXResourcesBuildPhase section */

/* Begin PBXShellScriptBuildPhase section */
		7B13BF742F100D7A0095C27F /* ShellScript */ = {
			isa = PBXShellScriptBuildPhase;
			buildActionMask = 2147483647;
			files = (
			);
			inputFileListPaths = (
			);
			inputPaths = (
			);
			outputFileListPaths = (
			);
			outputPaths = (
			);
			runOnlyForDeploymentPostprocessing = 0;
			shellPath = /bin/sh;
			shellScript = "if [[ \"$(uname -m)\" == arm64 ]]\nthen\n    export PATH=\"/opt/homebrew/bin:$PATH\"\nfi\n\nif command -v swiftlint >/dev/null 2>&1\nthen\n    swiftlint\nelse\n    echo \"warning: `swiftlint` command not found - See https://github.com/realm/SwiftLint#installation for installation instructions.\"\nfi\n";
		};
/* End PBXShellScriptBuildPhase section */

/* Begin PBXSourcesBuildPhase section */
		7B0AE2E52F13639400F28738 /* Sources */ = {
			isa = PBXSourcesBuildPhase;
			buildActionMask = 2147483647;
			files = (
			);
			runOnlyForDeploymentPostprocessing = 0;
		};
		7B7275362E1EB5E600B77D94 /* Sources */ = {
			isa = PBXSourcesBuildPhase;
			buildActionMask = 2147483647;
			files = (
			);
			runOnlyForDeploymentPostprocessing = 0;
		};
/* End PBXSourcesBuildPhase section */

/* Begin PBXTargetDependency section */
		7B0AE2EE2F13639400F28738 /* PBXTargetDependency */ = {
			isa = PBXTargetDependency;
			target = 7B7275392E1EB5E600B77D94 /* GameDex */;
			targetProxy = 7B0AE2ED2F13639400F28738 /* PBXContainerItemProxy */;
		};
/* End PBXTargetDependency section */

/* Begin XCBuildConfiguration section */
		7B0AE2F02F13639400F28738 /* Debug */ = {
			isa = XCBuildConfiguration;
			buildSettings = {
				BUNDLE_LOADER = "$(TEST_HOST)";
				CODE_SIGN_STYLE = Automatic;
				CURRENT_PROJECT_VERSION = 1;
				DEVELOPMENT_TEAM = B9S7PB8R45;
				GENERATE_INFOPLIST_FILE = YES;
				MARKETING_VERSION = 1.0;
				PRODUCT_BUNDLE_IDENTIFIER = com.dicoding.academy.GameDexTests;
				PRODUCT_NAME = "$(TARGET_NAME)";
				SWIFT_EMIT_LOC_STRINGS = NO;
				SWIFT_VERSION = 5.0;
				TARGETED_DEVICE_FAMILY = "1,2";
				TEST_HOST = "$(BUILT_PRODUCTS_DIR)/GameDex.app/$(BUNDLE_EXECUTABLE_FOLDER_PATH)/GameDex";
			};
			name = Debug;
		};
		7B0AE2F12F13639400F28738 /* Release */ = {
			isa = XCBuildConfiguration;
			buildSettings = {
				BUNDLE_LOADER = "$(TEST_HOST)";
				CODE_SIGN_STYLE = Automatic;
				CURRENT_PROJECT_VERSION = 1;
				DEVELOPMENT_TEAM = B9S7PB8R45;
				GENERATE_INFOPLIST_FILE = YES;
				MARKETING_VERSION = 1.0;
				PRODUCT_BUNDLE_IDENTIFIER = com.dicoding.academy.GameDexTests;
				PRODUCT_NAME = "$(TARGET_NAME)";
				SWIFT_EMIT_LOC_STRINGS = NO;
				SWIFT_VERSION = 5.0;
				TARGETED_DEVICE_FAMILY = "1,2";
				TEST_HOST = "$(BUILT_PRODUCTS_DIR)/GameDex.app/$(BUNDLE_EXECUTABLE_FOLDER_PATH)/GameDex";
			};
			name = Release;
		};
		7B7275462E1EB5EA00B77D94 /* Debug */ = {
			isa = XCBuildConfiguration;
			buildSettings = {
				ALWAYS_SEARCH_USER_PATHS = NO;
				ASSETCATALOG_COMPILER_GENERATE_SWIFT_ASSET_SYMBOL_EXTENSIONS = YES;
				CLANG_ANALYZER_NONNULL = YES;
				CLANG_ANALYZER_NUMBER_OBJECT_CONVERSION = YES_AGGRESSIVE;
				CLANG_CXX_LANGUAGE_STANDARD = "gnu++20";
				CLANG_ENABLE_MODULES = YES;
				CLANG_ENABLE_OBJC_ARC = YES;
				CLANG_ENABLE_OBJC_WEAK = YES;
				CLANG_WARN_BLOCK_CAPTURE_AUTORELEASING = YES;
				CLANG_WARN_BOOL_CONVERSION = YES;
				CLANG_WARN_COMMA = YES;
				CLANG_WARN_CONSTANT_CONVERSION = YES;
				CLANG_WARN_DEPRECATED_OBJC_IMPLEMENTATIONS = YES;
				CLANG_WARN_DIRECT_OBJC_ISA_USAGE = YES_ERROR;
				CLANG_WARN_DOCUMENTATION_COMMENTS = YES;
				CLANG_WARN_EMPTY_BODY = YES;
				CLANG_WARN_ENUM_CONVERSION = YES;
				CLANG_WARN_INFINITE_RECURSION = YES;
				CLANG_WARN_INT_CONVERSION = YES;
				CLANG_WARN_NON_LITERAL_NULL_CONVERSION = YES;
				CLANG_WARN_OBJC_IMPLICIT_RETAIN_SELF = YES;
				CLANG_WARN_OBJC_LITERAL_CONVERSION = YES;
				CLANG_WARN_OBJC_ROOT_CLASS = YES_ERROR;
				CLANG_WARN_QUOTED_INCLUDE_IN_FRAMEWORK_HEADER = YES;
				CLANG_WARN_RANGE_LOOP_ANALYSIS = YES;
				CLANG_WARN_STRICT_PROTOTYPES = YES;
				CLANG_WARN_SUSPICIOUS_MOVE = YES;
				CLANG_WARN_UNGUARDED_AVAILABILITY = YES_AGGRESSIVE;
				CLANG_WARN_UNREACHABLE_CODE = YES;
				CLANG_WARN__DUPLICATE_METHOD_MATCH = YES;
				COPY_PHASE_STRIP = NO;
				DEBUG_INFORMATION_FORMAT = dwarf;
				ENABLE_STRICT_OBJC_MSGSEND = YES;
				ENABLE_TESTABILITY = YES;
				ENABLE_USER_SCRIPT_SANDBOXING = YES;
				GCC_C_LANGUAGE_STANDARD = gnu17;
				GCC_DYNAMIC_NO_PIC = NO;
				GCC_NO_COMMON_BLOCKS = YES;
				GCC_OPTIMIZATION_LEVEL = 0;
				GCC_PREPROCESSOR_DEFINITIONS = (
					"DEBUG=1",
					"$(inherited)",
				);
				GCC_WARN_64_TO_32_BIT_CONVERSION = YES;
				GCC_WARN_ABOUT_RETURN_TYPE = YES_ERROR;
				GCC_WARN_UNDECLARED_SELECTOR = YES;
				GCC_WARN_UNINITIALIZED_AUTOS = YES_AGGRESSIVE;
				GCC_WARN_UNUSED_FUNCTION = YES;
				GCC_WARN_UNUSED_VARIABLE = YES;
				IPHONEOS_DEPLOYMENT_TARGET = 18.0;
				LOCALIZATION_PREFERS_STRING_CATALOGS = YES;
				MTL_ENABLE_DEBUG_INFO = INCLUDE_SOURCE;
				MTL_FAST_MATH = YES;
				ONLY_ACTIVE_ARCH = YES;
				SDKROOT = iphoneos;
				SWIFT_ACTIVE_COMPILATION_CONDITIONS = "DEBUG $(inherited)";
				SWIFT_OPTIMIZATION_LEVEL = "-Onone";
			};
			name = Debug;
		};
		7B7275472E1EB5EA00B77D94 /* Release */ = {
			isa = XCBuildConfiguration;
			buildSettings = {
				ALWAYS_SEARCH_USER_PATHS = NO;
				ASSETCATALOG_COMPILER_GENERATE_SWIFT_ASSET_SYMBOL_EXTENSIONS = YES;
				CLANG_ANALYZER_NONNULL = YES;
				CLANG_ANALYZER_NUMBER_OBJECT_CONVERSION = YES_AGGRESSIVE;
				CLANG_CXX_LANGUAGE_STANDARD = "gnu++20";
				CLANG_ENABLE_MODULES = YES;
				CLANG_ENABLE_OBJC_ARC = YES;
				CLANG_ENABLE_OBJC_WEAK = YES;
				CLANG_WARN_BLOCK_CAPTURE_AUTORELEASING = YES;
				CLANG_WARN_BOOL_CONVERSION = YES;
				CLANG_WARN_COMMA = YES;
				CLANG_WARN_CONSTANT_CONVERSION = YES;
				CLANG_WARN_DEPRECATED_OBJC_IMPLEMENTATIONS = YES;
				CLANG_WARN_DIRECT_OBJC_ISA_USAGE = YES_ERROR;
				CLANG_WARN_DOCUMENTATION_COMMENTS = YES;
				CLANG_WARN_EMPTY_BODY = YES;
				CLANG_WARN_ENUM_CONVERSION = YES;
				CLANG_WARN_INFINITE_RECURSION = YES;
				CLANG_WARN_INT_CONVERSION = YES;
				CLANG_WARN_NON_LITERAL_NULL_CONVERSION = YES;
				CLANG_WARN_OBJC_IMPLICIT_RETAIN_SELF = YES;
				CLANG_WARN_OBJC_LITERAL_CONVERSION = YES;
				CLANG_WARN_OBJC_ROOT_CLASS = YES_ERROR;
				CLANG_WARN_QUOTED_INCLUDE_IN_FRAMEWORK_HEADER = YES;
				CLANG_WARN_RANGE_LOOP_ANALYSIS = YES;
				CLANG_WARN_STRICT_PROTOTYPES = YES;
				CLANG_WARN_SUSPICIOUS_MOVE = YES;
				CLANG_WARN_UNGUARDED_AVAILABILITY = YES_AGGRESSIVE;
				CLANG_WARN_UNREACHABLE_CODE = YES;
				CLANG_WARN__DUPLICATE_METHOD_MATCH = YES;
				COPY_PHASE_STRIP = NO;
				DEBUG_INFORMATION_FORMAT = "dwarf-with-dsym";
				ENABLE_NS_ASSERTIONS = NO;
				ENABLE_STRICT_OBJC_MSGSEND = YES;
				ENABLE_USER_SCRIPT_SANDBOXING = YES;
				GCC_C_LANGUAGE_STANDARD = gnu17;
				GCC_NO_COMMON_BLOCKS = YES;
				GCC_WARN_64_TO_32_BIT_CONVERSION = YES;
				GCC_WARN_ABOUT_RETURN_TYPE = YES_ERROR;
				GCC_WARN_UNDECLARED_SELECTOR = YES;
				GCC_WARN_UNINITIALIZED_AUTOS = YES_AGGRESSIVE;
				GCC_WARN_UNUSED_FUNCTION = YES;
				GCC_WARN_UNUSED_VARIABLE = YES;
				IPHONEOS_DEPLOYMENT_TARGET = 18.0;
				LOCALIZATION_PREFERS_STRING_CATALOGS = YES;
				MTL_ENABLE_DEBUG_INFO = NO;
				MTL_FAST_MATH = YES;
				SDKROOT = iphoneos;
				SWIFT_COMPILATION_MODE = wholemodule;
				VALIDATE_PRODUCT = YES;
			};
			name = Release;
		};
		7B7275492E1EB5EA00B77D94 /* Debug */ = {
			isa = XCBuildConfiguration;
			buildSettings = {
				ASSETCATALOG_COMPILER_APPICON_NAME = AppIcon;
				ASSETCATALOG_COMPILER_GLOBAL_ACCENT_COLOR_NAME = AccentColor;
				ASSETCATALOG_COMPILER_INCLUDE_ALL_APPICON_ASSETS = NO;
				CODE_SIGN_STYLE = Automatic;
				CURRENT_PROJECT_VERSION = 1;
				DEVELOPMENT_ASSET_PATHS = "\"GameDex/Preview Content\"";
				DEVELOPMENT_TEAM = B9S7PB8R45;
				ENABLE_PREVIEWS = YES;
				ENABLE_TESTING_SEARCH_PATHS = YES;
				ENABLE_USER_SCRIPT_SANDBOXING = NO;
				GENERATE_INFOPLIST_FILE = YES;
				INFOPLIST_KEY_UIApplicationSceneManifest_Generation = YES;
				INFOPLIST_KEY_UIApplicationSupportsIndirectInputEvents = YES;
				INFOPLIST_KEY_UILaunchScreen_Generation = YES;
				INFOPLIST_KEY_UISupportedInterfaceOrientations_iPad = "UIInterfaceOrientationPortrait UIInterfaceOrientationPortraitUpsideDown UIInterfaceOrientationLandscapeLeft UIInterfaceOrientationLandscapeRight";
				INFOPLIST_KEY_UISupportedInterfaceOrientations_iPhone = "UIInterfaceOrientationPortrait UIInterfaceOrientationLandscapeLeft UIInterfaceOrientationLandscapeRight";
				IPHONEOS_DEPLOYMENT_TARGET = 18.0;
				LD_RUNPATH_SEARCH_PATHS = (
					"$(inherited)",
					"@executable_path/Frameworks",
				);
				MARKETING_VERSION = 1.0;
				PRODUCT_BUNDLE_IDENTIFIER = com.dicoding.academy.GameDex;
				PRODUCT_NAME = "$(TARGET_NAME)";
				SWIFT_EMIT_LOC_STRINGS = YES;
				SWIFT_VERSION = 5.0;
				TARGETED_DEVICE_FAMILY = "1,2";
			};
			name = Debug;
		};
		7B72754A2E1EB5EA00B77D94 /* Release */ = {
			isa = XCBuildConfiguration;
			buildSettings = {
				ASSETCATALOG_COMPILER_APPICON_NAME = AppIcon;
				ASSETCATALOG_COMPILER_GLOBAL_ACCENT_COLOR_NAME = AccentColor;
				ASSETCATALOG_COMPILER_INCLUDE_ALL_APPICON_ASSETS = NO;
				CODE_SIGN_STYLE = Automatic;
				CURRENT_PROJECT_VERSION = 1;
				DEVELOPMENT_ASSET_PATHS = "\"GameDex/Preview Content\"";
				DEVELOPMENT_TEAM = B9S7PB8R45;
				ENABLE_PREVIEWS = YES;
				ENABLE_TESTING_SEARCH_PATHS = YES;
				ENABLE_USER_SCRIPT_SANDBOXING = NO;
				GENERATE_INFOPLIST_FILE = YES;
				INFOPLIST_KEY_UIApplicationSceneManifest_Generation = YES;
				INFOPLIST_KEY_UIApplicationSupportsIndirectInputEvents = YES;
				INFOPLIST_KEY_UILaunchScreen_Generation = YES;
				INFOPLIST_KEY_UISupportedInterfaceOrientations_iPad = "UIInterfaceOrientationPortrait UIInterfaceOrientationPortraitUpsideDown UIInterfaceOrientationLandscapeLeft UIInterfaceOrientationLandscapeRight";
				INFOPLIST_KEY_UISupportedInterfaceOrientations_iPhone = "UIInterfaceOrientationPortrait UIInterfaceOrientationLandscapeLeft UIInterfaceOrientationLandscapeRight";
				IPHONEOS_DEPLOYMENT_TARGET = 18.0;
				LD_RUNPATH_SEARCH_PATHS = (
					"$(inherited)",
					"@executable_path/Frameworks",
				);
				MARKETING_VERSION = 1.0;
				PRODUCT_BUNDLE_IDENTIFIER = com.dicoding.academy.GameDex;
				PRODUCT_NAME = "$(TARGET_NAME)";
				SWIFT_EMIT_LOC_STRINGS = YES;
				SWIFT_VERSION = 5.0;
				TARGETED_DEVICE_FAMILY = "1,2";
			};
			name = Release;
		};
/* End XCBuildConfiguration section */

/* Begin XCConfigurationList section */
		7B0AE2EF2F13639400F28738 /* Build configuration list for PBXNativeTarget "GameDexTests" */ = {
			isa = XCConfigurationList;
			buildConfigurations = (
				7B0AE2F02F13639400F28738 /* Debug */,
				7B0AE2F12F13639400F28738 /* Release */,
			);
			defaultConfigurationIsVisible = 0;
			defaultConfigurationName = Release;
		};
		7B7275352E1EB5E600B77D94 /* Build configuration list for PBXProject "GameDex" */ = {
			isa = XCConfigurationList;
			buildConfigurations = (
				7B7275462E1EB5EA00B77D94 /* Debug */,
				7B7275472E1EB5EA00B77D94 /* Release */,
			);
			defaultConfigurationIsVisible = 0;
			defaultConfigurationName = Release;
		};
		7B7275482E1EB5EA00B77D94 /* Build configuration list for PBXNativeTarget "GameDex" */ = {
			isa = XCConfigurationList;
			buildConfigurations = (
				7B7275492E1EB5EA00B77D94 /* Debug */,
				7B72754A2E1EB5EA00B77D94 /* Release */,
			);
			defaultConfigurationIsVisible = 0;
			defaultConfigurationName = Release;
		};
/* End XCConfigurationList section */

/* Begin XCLocalSwiftPackageReference section */
		7B9450292F2DCFE200405553 /* XCLocalSwiftPackageReference "../../ModulesGameDex/Profile" */ = {
			isa = XCLocalSwiftPackageReference;
			relativePath = ../../ModulesGameDex/Profile;
		};
		7BDF4F752F2C173A003BF637 /* XCLocalSwiftPackageReference "../../ModulesGameDex/Favorite" */ = {
			isa = XCLocalSwiftPackageReference;
			relativePath = ../../ModulesGameDex/Favorite;
		};
		7BDF50822F2C1B4C003BF637 /* XCLocalSwiftPackageReference "../../ModulesGameDex/Core" */ = {
			isa = XCLocalSwiftPackageReference;
			relativePath = ../../ModulesGameDex/Core;
		};
		7BF5F4B32F2C2BEA00CE205C /* XCLocalSwiftPackageReference "../../ModulesGameDex/Game" */ = {
			isa = XCLocalSwiftPackageReference;
			relativePath = ../../ModulesGameDex/Game;
		};
/* End XCLocalSwiftPackageReference section */

/* Begin XCRemoteSwiftPackageReference section */
		7B1498B62F2DC48B005BA63A /* XCRemoteSwiftPackageReference "Modularization-DesignSystem-Package_Dicoding-iOSExpert" */ = {
			isa = XCRemoteSwiftPackageReference;
			repositoryURL = "https://github.com/fauzandwip/Modularization-DesignSystem-Package_Dicoding-iOSExpert.git";
			requirement = {
				kind = upToNextMajorVersion;
				minimumVersion = 1.0.0;
			};
		};
		7B21B0842F1019E9003B22D6 /* XCRemoteSwiftPackageReference "Factory" */ = {
			isa = XCRemoteSwiftPackageReference;
			repositoryURL = "https://github.com/hmlongco/Factory";
			requirement = {
				kind = upToNextMajorVersion;
				minimumVersion = 2.5.3;
			};
		};
		7B7275512E1EB88200B77D94 /* XCRemoteSwiftPackageReference "Alamofire" */ = {
			isa = XCRemoteSwiftPackageReference;
			repositoryURL = "https://github.com/Alamofire/Alamofire";
			requirement = {
				kind = upToNextMajorVersion;
				minimumVersion = 5.10.2;
			};
		};
		7BD15E9E2E2CC29700E38ED3 /* XCRemoteSwiftPackageReference "Kingfisher" */ = {
			isa = XCRemoteSwiftPackageReference;
			repositoryURL = "https://github.com/onevcat/Kingfisher";
			requirement = {
				kind = upToNextMajorVersion;
				minimumVersion = 8.5.0;
			};
		};
/* End XCRemoteSwiftPackageReference section */

/* Begin XCSwiftPackageProductDependency section */
		7B1498B72F2DC48B005BA63A /* DesignSystem */ = {
			isa = XCSwiftPackageProductDependency;
			package = 7B1498B62F2DC48B005BA63A /* XCRemoteSwiftPackageReference "Modularization-DesignSystem-Package_Dicoding-iOSExpert" */;
			productName = DesignSystem;
		};
		7B21B0852F1019E9003B22D6 /* FactoryKit */ = {
			isa = XCSwiftPackageProductDependency;
			package = 7B21B0842F1019E9003B22D6 /* XCRemoteSwiftPackageReference "Factory" */;
			productName = FactoryKit;
		};
		7B7275522E1EB88200B77D94 /* Alamofire */ = {
			isa = XCSwiftPackageProductDependency;
			package = 7B7275512E1EB88200B77D94 /* XCRemoteSwiftPackageReference "Alamofire" */;
			productName = Alamofire;
		};
		7B94500E2F2DCFC600405553 /* Profile */ = {
			isa = XCSwiftPackageProductDependency;
			package = 7B1498B62F2DC48B005BA63A /* XCRemoteSwiftPackageReference "Modularization-DesignSystem-Package_Dicoding-iOSExpert" */;
			productName = Profile;
		};
		7B94502A2F2DCFE200405553 /* Profile */ = {
			isa = XCSwiftPackageProductDependency;
			productName = Profile;
		};
		7BD15E9F2E2CC29700E38ED3 /* Kingfisher */ = {
			isa = XCSwiftPackageProductDependency;
			package = 7BD15E9E2E2CC29700E38ED3 /* XCRemoteSwiftPackageReference "Kingfisher" */;
			productName = Kingfisher;
		};
		7BDF4F762F2C173A003BF637 /* Favorite */ = {
			isa = XCSwiftPackageProductDependency;
			productName = Favorite;
		};
		7BDF50832F2C1B4C003BF637 /* Core */ = {
			isa = XCSwiftPackageProductDependency;
			productName = Core;
		};
		7BF5F4B12F2C2BDA00CE205C /* Profile */ = {
			isa = XCSwiftPackageProductDependency;
			productName = Profile;
		};
		7BF5F4B42F2C2BEA00CE205C /* Game */ = {
			isa = XCSwiftPackageProductDependency;
			productName = Game;
		};
		7BF5F52A2F2C2D2100CE205C /* Profile */ = {
			isa = XCSwiftPackageProductDependency;
			productName = Profile;
		};
		7BF5F8692F2D7B7500CE205C /* Profile */ = {
			isa = XCSwiftPackageProductDependency;
			productName = Profile;
		};
/* End XCSwiftPackageProductDependency section */
	};
	rootObject = 7B7275322E1EB5E600B77D94 /* Project object */;
}
